// !$*UTF8*$!
{
	archiveVersion = 1;
	classes = {
	};
	objectVersion = 51;
	objects = {

/* Begin PBXBuildFile section */
		AF05A919236BF2D80099FCA6 /* CustomAlertView2.swift in Sources */ = {isa = PBXBuildFile; fileRef = AF05A918236BF2D80099FCA6 /* CustomAlertView2.swift */; };
		AF189FFF22C0DA4F00AF287C /* CellContentCell.swift in Sources */ = {isa = PBXBuildFile; fileRef = AF189FFE22C0DA4F00AF287C /* CellContentCell.swift */; };
		AF1B0ABC227AE65F0022DE0E /* AppDelegate.swift in Sources */ = {isa = PBXBuildFile; fileRef = AF1B0ABB227AE65F0022DE0E /* AppDelegate.swift */; };
		AF1B0ABE227AE65F0022DE0E /* ViewController.swift in Sources */ = {isa = PBXBuildFile; fileRef = AF1B0ABD227AE65F0022DE0E /* ViewController.swift */; };
		AF1B0AC1227AE65F0022DE0E /* Main.storyboard in Resources */ = {isa = PBXBuildFile; fileRef = AF1B0ABF227AE65F0022DE0E /* Main.storyboard */; };
		AF1B0AC3227AE6610022DE0E /* Assets.xcassets in Resources */ = {isa = PBXBuildFile; fileRef = AF1B0AC2227AE6610022DE0E /* Assets.xcassets */; };
		AF1B0AC6227AE6610022DE0E /* LaunchScreen.storyboard in Resources */ = {isa = PBXBuildFile; fileRef = AF1B0AC4227AE6610022DE0E /* LaunchScreen.storyboard */; };
		AF1B0AD4227D33A80022DE0E /* CellCollectionViewCell.swift in Sources */ = {isa = PBXBuildFile; fileRef = AF1B0AD3227D33A80022DE0E /* CellCollectionViewCell.swift */; };
		AF1B0AD6227D3CBC0022DE0E /* CellCollectionViewController.swift in Sources */ = {isa = PBXBuildFile; fileRef = AF1B0AD5227D3CBC0022DE0E /* CellCollectionViewController.swift */; };
		AF1B0AD8227D4E810022DE0E /* CellCheckTableViewController.swift in Sources */ = {isa = PBXBuildFile; fileRef = AF1B0AD7227D4E810022DE0E /* CellCheckTableViewController.swift */; };
		AF372C7222AA4CC400749C17 /* IntroduceViewController.swift in Sources */ = {isa = PBXBuildFile; fileRef = AF372C7122AA4CC400749C17 /* IntroduceViewController.swift */; };
		AF372C7422AA4CE000749C17 /* ScheduleViewController.swift in Sources */ = {isa = PBXBuildFile; fileRef = AF372C7322AA4CE000749C17 /* ScheduleViewController.swift */; };
		AF372C7622AA4CF600749C17 /* PhotoViewController.swift in Sources */ = {isa = PBXBuildFile; fileRef = AF372C7522AA4CF600749C17 /* PhotoViewController.swift */; };
		AF372C7822AA4D0800749C17 /* QuestionsViewController.swift in Sources */ = {isa = PBXBuildFile; fileRef = AF372C7722AA4D0800749C17 /* QuestionsViewController.swift */; };
		AF372C7A22AE18D100749C17 /* Join.storyboard in Resources */ = {isa = PBXBuildFile; fileRef = AF372C7922AE18D100749C17 /* Join.storyboard */; };
		AF372C7C22AE5F7B00749C17 /* CellCheckCell.swift in Sources */ = {isa = PBXBuildFile; fileRef = AF372C7B22AE5F7B00749C17 /* CellCheckCell.swift */; };
		AF477B0822BB6F5B00CF7A79 /* RemoteConfigDefaults.plist in Resources */ = {isa = PBXBuildFile; fileRef = AF477B0722BB6F5B00CF7A79 /* RemoteConfigDefaults.plist */; };
		AF50A5472338B27600FACE3D /* AlbumCollectionViewController+Delegate.swift in Sources */ = {isa = PBXBuildFile; fileRef = AF50A5462338B27600FACE3D /* AlbumCollectionViewController+Delegate.swift */; };
		AF50A5492338B33100FACE3D /* AlbumCollectionViewController+FlowLayoutDelegate.swift in Sources */ = {isa = PBXBuildFile; fileRef = AF50A5482338B33100FACE3D /* AlbumCollectionViewController+FlowLayoutDelegate.swift */; };
		AF62AB5F22A657AD009BF162 /* NavigationView.swift in Sources */ = {isa = PBXBuildFile; fileRef = AF62AB5E22A657AD009BF162 /* NavigationView.swift */; };
		AF62AB6122A657CB009BF162 /* PhotoStackView.swift in Sources */ = {isa = PBXBuildFile; fileRef = AF62AB6022A657CB009BF162 /* PhotoStackView.swift */; };
		AF63472023C3081A00959F98 /* GanaanYouthUITests.swift in Sources */ = {isa = PBXBuildFile; fileRef = AF63471F23C3081A00959F98 /* GanaanYouthUITests.swift */; };
		AF6AA44C2366CD6C00763694 /* CurrentUser.swift in Sources */ = {isa = PBXBuildFile; fileRef = AF6AA44B2366CD6C00763694 /* CurrentUser.swift */; };
		AF72E5C3232F83E400667B03 /* AlbumEntity.swift in Sources */ = {isa = PBXBuildFile; fileRef = AF72E5C2232F83E400667B03 /* AlbumEntity.swift */; };
		AF72E5C5232F85A700667B03 /* AlbumService.swift in Sources */ = {isa = PBXBuildFile; fileRef = AF72E5C4232F85A700667B03 /* AlbumService.swift */; };
		AF72E5C7232F873400667B03 /* FireStore+Extensions.swift in Sources */ = {isa = PBXBuildFile; fileRef = AF72E5C6232F873400667B03 /* FireStore+Extensions.swift */; };
		AF72E5C9232F8BD000667B03 /* ImageService.swift in Sources */ = {isa = PBXBuildFile; fileRef = AF72E5C8232F8BD000667B03 /* ImageService.swift */; };
		AF72E5CB232F8E1F00667B03 /* ImageEntity.swift in Sources */ = {isa = PBXBuildFile; fileRef = AF72E5CA232F8E1F00667B03 /* ImageEntity.swift */; };
		AF72E5CD232F91CB00667B03 /* Storage+Extensions.swift in Sources */ = {isa = PBXBuildFile; fileRef = AF72E5CC232F91CB00667B03 /* Storage+Extensions.swift */; };
		AF72E5CF232F976100667B03 /* TableView+Extentions.swift in Sources */ = {isa = PBXBuildFile; fileRef = AF72E5CE232F976100667B03 /* TableView+Extentions.swift */; };
		AF72E5D1232F9BF000667B03 /* UIView+Extensions.swift in Sources */ = {isa = PBXBuildFile; fileRef = AF72E5D0232F9BF000667B03 /* UIView+Extensions.swift */; };
		AF72E5D4232FA0A100667B03 /* ImageTask.swift in Sources */ = {isa = PBXBuildFile; fileRef = AF72E5D3232FA0A100667B03 /* ImageTask.swift */; };
		AF7505E122DC692F00146091 /* customLabel.swift in Sources */ = {isa = PBXBuildFile; fileRef = AF7505E022DC692F00146091 /* customLabel.swift */; };
		AF7505E322DC75E400146091 /* customButton.swift in Sources */ = {isa = PBXBuildFile; fileRef = AF7505E222DC75E400146091 /* customButton.swift */; };
		AF7505E522DD8B9700146091 /* CustomAlertView.swift in Sources */ = {isa = PBXBuildFile; fileRef = AF7505E422DD8B9700146091 /* CustomAlertView.swift */; };
		AF7505E722DDCDC900146091 /* UserDTO.swift in Sources */ = {isa = PBXBuildFile; fileRef = AF7505E622DDCDC900146091 /* UserDTO.swift */; };
		AF971F98237A9B9400C54901 /* AuthDTO.swift in Sources */ = {isa = PBXBuildFile; fileRef = AF971F97237A9B9400C54901 /* AuthDTO.swift */; };
		AF9C2C82233DEC1E0061C3AC /* slideCell.swift in Sources */ = {isa = PBXBuildFile; fileRef = AF9C2C81233DEC1E0061C3AC /* slideCell.swift */; };
		AF9C2C852341D4480061C3AC /* ExternalAccessory.framework in Frameworks */ = {isa = PBXBuildFile; fileRef = AF9C2C842341D4480061C3AC /* ExternalAccessory.framework */; };
		AF9C717F2281166D002D0DF3 /* IntroViewController.swift in Sources */ = {isa = PBXBuildFile; fileRef = AF9C717E2281166D002D0DF3 /* IntroViewController.swift */; };
		AF9C718322817A91002D0DF3 /* SWRevealViewController.m in Sources */ = {isa = PBXBuildFile; fileRef = AF9C718122817A91002D0DF3 /* SWRevealViewController.m */; };
		AF9C718722827123002D0DF3 /* SlideMenu.storyboard in Resources */ = {isa = PBXBuildFile; fileRef = AF9C718622827122002D0DF3 /* SlideMenu.storyboard */; };
		AF9C71892282BE85002D0DF3 /* Util.swift in Sources */ = {isa = PBXBuildFile; fileRef = AF9C71882282BE85002D0DF3 /* Util.swift */; };
		AF9C718B2282CFC9002D0DF3 /* MenuViewController.swift in Sources */ = {isa = PBXBuildFile; fileRef = AF9C718A2282CFC9002D0DF3 /* MenuViewController.swift */; };
		AFA5C53A23153A7A0003CA0F /* AlbumCollectionViewController.swift in Sources */ = {isa = PBXBuildFile; fileRef = AFA5C53923153A7A0003CA0F /* AlbumCollectionViewController.swift */; };
		AFA5C53C23153B650003CA0F /* AlbumCell.swift in Sources */ = {isa = PBXBuildFile; fileRef = AFA5C53B23153B650003CA0F /* AlbumCell.swift */; };
		AFA5C53E232650860003CA0F /* AlbumDTO.swift in Sources */ = {isa = PBXBuildFile; fileRef = AFA5C53D232650850003CA0F /* AlbumDTO.swift */; };
		AFA759B5230F84A300F73E53 /* TitleStackView.swift in Sources */ = {isa = PBXBuildFile; fileRef = AFA759B4230F84A300F73E53 /* TitleStackView.swift */; };
		AFA759B7230FD7CC00F73E53 /* PhotoCell.swift in Sources */ = {isa = PBXBuildFile; fileRef = AFA759B6230FD7CC00F73E53 /* PhotoCell.swift */; };
		AFA759BA2313C59900F73E53 /* DashBoardViewController.swift in Sources */ = {isa = PBXBuildFile; fileRef = AFA759B92313C59900F73E53 /* DashBoardViewController.swift */; };
		AFA759BF2313CA9F00F73E53 /* ContentViewController.swift in Sources */ = {isa = PBXBuildFile; fileRef = AFA759BE2313CA9F00F73E53 /* ContentViewController.swift */; };
		AFB423F523FFA4B800544475 /* 개인정보처리방침.html in Resources */ = {isa = PBXBuildFile; fileRef = AFB423F423FFA4B800544475 /* 개인정보처리방침.html */; };
		AFB423F723FFA70F00544475 /* style.css in Resources */ = {isa = PBXBuildFile; fileRef = AFB423F623FFA70F00544475 /* style.css */; };
		AFE3FC0B23585BDA00F4A144 /* IntroduceCell.swift in Sources */ = {isa = PBXBuildFile; fileRef = AFE3FC0A23585BDA00F4A144 /* IntroduceCell.swift */; };
		AFE3FC2F23613A2600F4A144 /* PageBulletinVC.swift in Sources */ = {isa = PBXBuildFile; fileRef = AFE3FC2E23613A2600F4A144 /* PageBulletinVC.swift */; };
		AFEFC1AC22A54F48005766B1 /* JoinViewController.swift in Sources */ = {isa = PBXBuildFile; fileRef = AFEFC1AB22A54F48005766B1 /* JoinViewController.swift */; };
		AFEFC1AE22A627B6005766B1 /* MenuTableViewCell.swift in Sources */ = {isa = PBXBuildFile; fileRef = AFEFC1AD22A627B6005766B1 /* MenuTableViewCell.swift */; };
		AFF6C47922D459BC001E2775 /* GoogleService-Info.plist in Resources */ = {isa = PBXBuildFile; fileRef = AFF6C47822D459BC001E2775 /* GoogleService-Info.plist */; };
		B7DD234406ED28DAA9200388 /* Pods_Project1.framework in Frameworks */ = {isa = PBXBuildFile; fileRef = FCD7A8538E5CCBC7C1AF04C3 /* Pods_Project1.framework */; };
/* End PBXBuildFile section */

/* Begin PBXContainerItemProxy section */
		AF63472223C3081A00959F98 /* PBXContainerItemProxy */ = {
			isa = PBXContainerItemProxy;
			containerPortal = AF1B0AB0227AE65F0022DE0E /* Project object */;
			proxyType = 1;
			remoteGlobalIDString = AF1B0AB7227AE65F0022DE0E;
			remoteInfo = Project1;
		};
/* End PBXContainerItemProxy section */

/* Begin PBXCopyFilesBuildPhase section */
		AF2487572384F7EF002708B1 /* Embed App Extensions */ = {
			isa = PBXCopyFilesBuildPhase;
			buildActionMask = 2147483647;
			dstPath = "";
			dstSubfolderSpec = 13;
			files = (
			);
			name = "Embed App Extensions";
			runOnlyForDeploymentPostprocessing = 0;
		};
/* End PBXCopyFilesBuildPhase section */

/* Begin PBXFileReference section */
		AF05A918236BF2D80099FCA6 /* CustomAlertView2.swift */ = {isa = PBXFileReference; lastKnownFileType = sourcecode.swift; path = CustomAlertView2.swift; sourceTree = "<group>"; };
		AF189FFE22C0DA4F00AF287C /* CellContentCell.swift */ = {isa = PBXFileReference; lastKnownFileType = sourcecode.swift; path = CellContentCell.swift; sourceTree = "<group>"; };
		AF1B0AB8227AE65F0022DE0E /* GanaanYouth.app */ = {isa = PBXFileReference; explicitFileType = wrapper.application; includeInIndex = 0; path = GanaanYouth.app; sourceTree = BUILT_PRODUCTS_DIR; };
		AF1B0ABB227AE65F0022DE0E /* AppDelegate.swift */ = {isa = PBXFileReference; lastKnownFileType = sourcecode.swift; path = AppDelegate.swift; sourceTree = "<group>"; };
		AF1B0ABD227AE65F0022DE0E /* ViewController.swift */ = {isa = PBXFileReference; lastKnownFileType = sourcecode.swift; path = ViewController.swift; sourceTree = "<group>"; };
		AF1B0AC0227AE65F0022DE0E /* Base */ = {isa = PBXFileReference; lastKnownFileType = file.storyboard; name = Base; path = Base.lproj/Main.storyboard; sourceTree = "<group>"; };
		AF1B0AC2227AE6610022DE0E /* Assets.xcassets */ = {isa = PBXFileReference; lastKnownFileType = folder.assetcatalog; path = Assets.xcassets; sourceTree = "<group>"; };
		AF1B0AC5227AE6610022DE0E /* Base */ = {isa = PBXFileReference; lastKnownFileType = file.storyboard; name = Base; path = Base.lproj/LaunchScreen.storyboard; sourceTree = "<group>"; };
		AF1B0AC7227AE6610022DE0E /* Info.plist */ = {isa = PBXFileReference; lastKnownFileType = text.plist.xml; path = Info.plist; sourceTree = "<group>"; };
		AF1B0AD3227D33A80022DE0E /* CellCollectionViewCell.swift */ = {isa = PBXFileReference; lastKnownFileType = sourcecode.swift; path = CellCollectionViewCell.swift; sourceTree = "<group>"; };
		AF1B0AD5227D3CBC0022DE0E /* CellCollectionViewController.swift */ = {isa = PBXFileReference; lastKnownFileType = sourcecode.swift; path = CellCollectionViewController.swift; sourceTree = "<group>"; };
		AF1B0AD7227D4E810022DE0E /* CellCheckTableViewController.swift */ = {isa = PBXFileReference; lastKnownFileType = sourcecode.swift; path = CellCheckTableViewController.swift; sourceTree = "<group>"; };
		AF2487482384F7EF002708B1 /* IntentsUI.framework */ = {isa = PBXFileReference; lastKnownFileType = wrapper.framework; name = IntentsUI.framework; path = System/Library/Frameworks/IntentsUI.framework; sourceTree = SDKROOT; };
		AF24875E2384F85D002708B1 /* Intents.framework */ = {isa = PBXFileReference; lastKnownFileType = wrapper.framework; name = Intents.framework; path = System/Library/Frameworks/Intents.framework; sourceTree = SDKROOT; };
		AF2487602384F877002708B1 /* GanaanYouthRelease.entitlements */ = {isa = PBXFileReference; lastKnownFileType = text.plist.entitlements; path = GanaanYouthRelease.entitlements; sourceTree = "<group>"; };
		AF372C7122AA4CC400749C17 /* IntroduceViewController.swift */ = {isa = PBXFileReference; lastKnownFileType = sourcecode.swift; path = IntroduceViewController.swift; sourceTree = "<group>"; };
		AF372C7322AA4CE000749C17 /* ScheduleViewController.swift */ = {isa = PBXFileReference; lastKnownFileType = sourcecode.swift; path = ScheduleViewController.swift; sourceTree = "<group>"; };
		AF372C7522AA4CF600749C17 /* PhotoViewController.swift */ = {isa = PBXFileReference; lastKnownFileType = sourcecode.swift; path = PhotoViewController.swift; sourceTree = "<group>"; };
		AF372C7722AA4D0800749C17 /* QuestionsViewController.swift */ = {isa = PBXFileReference; lastKnownFileType = sourcecode.swift; path = QuestionsViewController.swift; sourceTree = "<group>"; };
		AF372C7922AE18D100749C17 /* Join.storyboard */ = {isa = PBXFileReference; lastKnownFileType = file.storyboard; path = Join.storyboard; sourceTree = "<group>"; };
		AF372C7B22AE5F7B00749C17 /* CellCheckCell.swift */ = {isa = PBXFileReference; lastKnownFileType = sourcecode.swift; path = CellCheckCell.swift; sourceTree = "<group>"; };
		AF477B0722BB6F5B00CF7A79 /* RemoteConfigDefaults.plist */ = {isa = PBXFileReference; lastKnownFileType = text.plist.xml; path = RemoteConfigDefaults.plist; sourceTree = "<group>"; };
		AF50A5462338B27600FACE3D /* AlbumCollectionViewController+Delegate.swift */ = {isa = PBXFileReference; lastKnownFileType = sourcecode.swift; path = "AlbumCollectionViewController+Delegate.swift"; sourceTree = "<group>"; };
		AF50A5482338B33100FACE3D /* AlbumCollectionViewController+FlowLayoutDelegate.swift */ = {isa = PBXFileReference; lastKnownFileType = sourcecode.swift; path = "AlbumCollectionViewController+FlowLayoutDelegate.swift"; sourceTree = "<group>"; };
		AF62AB5E22A657AD009BF162 /* NavigationView.swift */ = {isa = PBXFileReference; lastKnownFileType = sourcecode.swift; path = NavigationView.swift; sourceTree = "<group>"; };
		AF62AB6022A657CB009BF162 /* PhotoStackView.swift */ = {isa = PBXFileReference; lastKnownFileType = sourcecode.swift; path = PhotoStackView.swift; sourceTree = "<group>"; };
		AF63471D23C3081A00959F98 /* GanaanYouthUITests.xctest */ = {isa = PBXFileReference; explicitFileType = wrapper.cfbundle; includeInIndex = 0; path = GanaanYouthUITests.xctest; sourceTree = BUILT_PRODUCTS_DIR; };
		AF63471F23C3081A00959F98 /* GanaanYouthUITests.swift */ = {isa = PBXFileReference; lastKnownFileType = sourcecode.swift; path = GanaanYouthUITests.swift; sourceTree = "<group>"; };
		AF63472123C3081A00959F98 /* Info.plist */ = {isa = PBXFileReference; lastKnownFileType = text.plist.xml; path = Info.plist; sourceTree = "<group>"; };
		AF6AA44B2366CD6C00763694 /* CurrentUser.swift */ = {isa = PBXFileReference; lastKnownFileType = sourcecode.swift; path = CurrentUser.swift; sourceTree = "<group>"; };
		AF72E5C2232F83E400667B03 /* AlbumEntity.swift */ = {isa = PBXFileReference; lastKnownFileType = sourcecode.swift; path = AlbumEntity.swift; sourceTree = "<group>"; };
		AF72E5C4232F85A700667B03 /* AlbumService.swift */ = {isa = PBXFileReference; lastKnownFileType = sourcecode.swift; path = AlbumService.swift; sourceTree = "<group>"; };
		AF72E5C6232F873400667B03 /* FireStore+Extensions.swift */ = {isa = PBXFileReference; lastKnownFileType = sourcecode.swift; path = "FireStore+Extensions.swift"; sourceTree = "<group>"; };
		AF72E5C8232F8BD000667B03 /* ImageService.swift */ = {isa = PBXFileReference; lastKnownFileType = sourcecode.swift; path = ImageService.swift; sourceTree = "<group>"; };
		AF72E5CA232F8E1F00667B03 /* ImageEntity.swift */ = {isa = PBXFileReference; lastKnownFileType = sourcecode.swift; path = ImageEntity.swift; sourceTree = "<group>"; };
		AF72E5CC232F91CB00667B03 /* Storage+Extensions.swift */ = {isa = PBXFileReference; lastKnownFileType = sourcecode.swift; path = "Storage+Extensions.swift"; sourceTree = "<group>"; };
		AF72E5CE232F976100667B03 /* TableView+Extentions.swift */ = {isa = PBXFileReference; lastKnownFileType = sourcecode.swift; path = "TableView+Extentions.swift"; sourceTree = "<group>"; };
		AF72E5D0232F9BF000667B03 /* UIView+Extensions.swift */ = {isa = PBXFileReference; lastKnownFileType = sourcecode.swift; path = "UIView+Extensions.swift"; sourceTree = "<group>"; };
		AF72E5D3232FA0A100667B03 /* ImageTask.swift */ = {isa = PBXFileReference; lastKnownFileType = sourcecode.swift; path = ImageTask.swift; sourceTree = "<group>"; };
		AF7505E022DC692F00146091 /* customLabel.swift */ = {isa = PBXFileReference; lastKnownFileType = sourcecode.swift; path = customLabel.swift; sourceTree = "<group>"; };
		AF7505E222DC75E400146091 /* customButton.swift */ = {isa = PBXFileReference; lastKnownFileType = sourcecode.swift; path = customButton.swift; sourceTree = "<group>"; };
		AF7505E422DD8B9700146091 /* CustomAlertView.swift */ = {isa = PBXFileReference; lastKnownFileType = sourcecode.swift; path = CustomAlertView.swift; sourceTree = "<group>"; };
		AF7505E622DDCDC900146091 /* UserDTO.swift */ = {isa = PBXFileReference; lastKnownFileType = sourcecode.swift; path = UserDTO.swift; sourceTree = "<group>"; };
		AF971F97237A9B9400C54901 /* AuthDTO.swift */ = {isa = PBXFileReference; lastKnownFileType = sourcecode.swift; path = AuthDTO.swift; sourceTree = "<group>"; };
		AF9C2C81233DEC1E0061C3AC /* slideCell.swift */ = {isa = PBXFileReference; lastKnownFileType = sourcecode.swift; path = slideCell.swift; sourceTree = "<group>"; };
		AF9C2C832341D4470061C3AC /* Project1Release.entitlements */ = {isa = PBXFileReference; lastKnownFileType = text.plist.entitlements; path = Project1Release.entitlements; sourceTree = "<group>"; };
		AF9C2C842341D4480061C3AC /* ExternalAccessory.framework */ = {isa = PBXFileReference; lastKnownFileType = wrapper.framework; name = ExternalAccessory.framework; path = System/Library/Frameworks/ExternalAccessory.framework; sourceTree = SDKROOT; };
		AF9C717E2281166D002D0DF3 /* IntroViewController.swift */ = {isa = PBXFileReference; lastKnownFileType = sourcecode.swift; path = IntroViewController.swift; sourceTree = "<group>"; };
		AF9C718022817A90002D0DF3 /* Project1-Bridging-Header.h */ = {isa = PBXFileReference; lastKnownFileType = sourcecode.c.h; path = "Project1-Bridging-Header.h"; sourceTree = "<group>"; };
		AF9C718122817A91002D0DF3 /* SWRevealViewController.m */ = {isa = PBXFileReference; fileEncoding = 4; lastKnownFileType = sourcecode.c.objc; path = SWRevealViewController.m; sourceTree = "<group>"; };
		AF9C718222817A91002D0DF3 /* SWRevealViewController.h */ = {isa = PBXFileReference; fileEncoding = 4; lastKnownFileType = sourcecode.c.h; path = SWRevealViewController.h; sourceTree = "<group>"; };
		AF9C718622827122002D0DF3 /* SlideMenu.storyboard */ = {isa = PBXFileReference; lastKnownFileType = file.storyboard; path = SlideMenu.storyboard; sourceTree = "<group>"; };
		AF9C71882282BE85002D0DF3 /* Util.swift */ = {isa = PBXFileReference; lastKnownFileType = sourcecode.swift; path = Util.swift; sourceTree = "<group>"; };
		AF9C718A2282CFC9002D0DF3 /* MenuViewController.swift */ = {isa = PBXFileReference; lastKnownFileType = sourcecode.swift; path = MenuViewController.swift; sourceTree = "<group>"; };
		AFA5C53923153A7A0003CA0F /* AlbumCollectionViewController.swift */ = {isa = PBXFileReference; lastKnownFileType = sourcecode.swift; path = AlbumCollectionViewController.swift; sourceTree = "<group>"; };
		AFA5C53B23153B650003CA0F /* AlbumCell.swift */ = {isa = PBXFileReference; lastKnownFileType = sourcecode.swift; path = AlbumCell.swift; sourceTree = "<group>"; };
		AFA5C53D232650850003CA0F /* AlbumDTO.swift */ = {isa = PBXFileReference; lastKnownFileType = sourcecode.swift; path = AlbumDTO.swift; sourceTree = "<group>"; };
		AFA759B4230F84A300F73E53 /* TitleStackView.swift */ = {isa = PBXFileReference; lastKnownFileType = sourcecode.swift; path = TitleStackView.swift; sourceTree = "<group>"; };
		AFA759B6230FD7CC00F73E53 /* PhotoCell.swift */ = {isa = PBXFileReference; lastKnownFileType = sourcecode.swift; path = PhotoCell.swift; sourceTree = "<group>"; };
		AFA759B92313C59900F73E53 /* DashBoardViewController.swift */ = {isa = PBXFileReference; lastKnownFileType = sourcecode.swift; path = DashBoardViewController.swift; sourceTree = "<group>"; };
		AFA759BE2313CA9F00F73E53 /* ContentViewController.swift */ = {isa = PBXFileReference; lastKnownFileType = sourcecode.swift; path = ContentViewController.swift; sourceTree = "<group>"; };
		AFB423F423FFA4B800544475 /* 개인정보처리방침.html */ = {isa = PBXFileReference; fileEncoding = 4; lastKnownFileType = text.html; name = "개인정보처리방침.html"; path = "../../../../Desktop/개인정보처리방침.html"; sourceTree = "<group>"; };
		AFB423F623FFA70F00544475 /* style.css */ = {isa = PBXFileReference; lastKnownFileType = text.css; path = style.css; sourceTree = "<group>"; };
		AFE3FC0A23585BDA00F4A144 /* IntroduceCell.swift */ = {isa = PBXFileReference; lastKnownFileType = sourcecode.swift; path = IntroduceCell.swift; sourceTree = "<group>"; };
		AFE3FC2E23613A2600F4A144 /* PageBulletinVC.swift */ = {isa = PBXFileReference; lastKnownFileType = sourcecode.swift; path = PageBulletinVC.swift; sourceTree = "<group>"; };
		AFEFC1AB22A54F48005766B1 /* JoinViewController.swift */ = {isa = PBXFileReference; lastKnownFileType = sourcecode.swift; path = JoinViewController.swift; sourceTree = "<group>"; };
		AFEFC1AD22A627B6005766B1 /* MenuTableViewCell.swift */ = {isa = PBXFileReference; lastKnownFileType = sourcecode.swift; path = MenuTableViewCell.swift; sourceTree = "<group>"; };
		AFF6C47822D459BC001E2775 /* GoogleService-Info.plist */ = {isa = PBXFileReference; fileEncoding = 4; lastKnownFileType = text.plist.xml; name = "GoogleService-Info.plist"; path = "../../../../Downloads/GoogleService-Info.plist"; sourceTree = "<group>"; };
		DFE1247FF91ECAD58C4863A7 /* Pods-Project1.debug.xcconfig */ = {isa = PBXFileReference; includeInIndex = 1; lastKnownFileType = text.xcconfig; name = "Pods-Project1.debug.xcconfig"; path = "Target Support Files/Pods-Project1/Pods-Project1.debug.xcconfig"; sourceTree = "<group>"; };
		EC7C6DE0F65943ACF04A892F /* Pods-Project1.release.xcconfig */ = {isa = PBXFileReference; includeInIndex = 1; lastKnownFileType = text.xcconfig; name = "Pods-Project1.release.xcconfig"; path = "Target Support Files/Pods-Project1/Pods-Project1.release.xcconfig"; sourceTree = "<group>"; };
		FCD7A8538E5CCBC7C1AF04C3 /* Pods_Project1.framework */ = {isa = PBXFileReference; explicitFileType = wrapper.framework; includeInIndex = 0; path = Pods_Project1.framework; sourceTree = BUILT_PRODUCTS_DIR; };
/* End PBXFileReference section */

/* Begin PBXFrameworksBuildPhase section */
		AF1B0AB5227AE65F0022DE0E /* Frameworks */ = {
			isa = PBXFrameworksBuildPhase;
			buildActionMask = 2147483647;
			files = (
				AF9C2C852341D4480061C3AC /* ExternalAccessory.framework in Frameworks */,
				B7DD234406ED28DAA9200388 /* Pods_Project1.framework in Frameworks */,
			);
			runOnlyForDeploymentPostprocessing = 0;
		};
		AF63471A23C3081A00959F98 /* Frameworks */ = {
			isa = PBXFrameworksBuildPhase;
			buildActionMask = 2147483647;
			files = (
			);
			runOnlyForDeploymentPostprocessing = 0;
		};
/* End PBXFrameworksBuildPhase section */

/* Begin PBXGroup section */
		942D5A27B7AF3EEE94F5505E /* Pods */ = {
			isa = PBXGroup;
			children = (
				DFE1247FF91ECAD58C4863A7 /* Pods-Project1.debug.xcconfig */,
				EC7C6DE0F65943ACF04A892F /* Pods-Project1.release.xcconfig */,
			);
			path = Pods;
			sourceTree = "<group>";
		};
		AF1B0AAF227AE65F0022DE0E = {
			isa = PBXGroup;
			children = (
				AF1B0ABA227AE65F0022DE0E /* Project1 */,
				AF63471E23C3081A00959F98 /* GanaanYouthUITests */,
				AF1B0AB9227AE65F0022DE0E /* Products */,
				942D5A27B7AF3EEE94F5505E /* Pods */,
				BCD5E697934DEFAEFF3AC7FB /* Frameworks */,
			);
			sourceTree = "<group>";
		};
		AF1B0AB9227AE65F0022DE0E /* Products */ = {
			isa = PBXGroup;
			children = (
				AF1B0AB8227AE65F0022DE0E /* GanaanYouth.app */,
				AF63471D23C3081A00959F98 /* GanaanYouthUITests.xctest */,
			);
			name = Products;
			sourceTree = "<group>";
		};
		AF1B0ABA227AE65F0022DE0E /* Project1 */ = {
			isa = PBXGroup;
			children = (
				AF2487602384F877002708B1 /* GanaanYouthRelease.entitlements */,
				AF9C2C832341D4470061C3AC /* Project1Release.entitlements */,
				AF72E5D2232FA08700667B03 /* Task */,
				AFA759BB2313C6A000F73E53 /* Page */,
				AFA759B82313C56A00F73E53 /* DashBoard */,
				AF7505DF22DC690500146091 /* Util */,
				AF62AB5D22A65784009BF162 /* UI */,
				AF1B0AD0227D33510022DE0E /* View */,
				AF1B0ACD227C09AB0022DE0E /* Storyboard */,
				AF1B0ABB227AE65F0022DE0E /* AppDelegate.swift */,
				AF1B0AC4227AE6610022DE0E /* LaunchScreen.storyboard */,
				AF1B0ABD227AE65F0022DE0E /* ViewController.swift */,
				AFF6C47822D459BC001E2775 /* GoogleService-Info.plist */,
				AF1B0AC2227AE6610022DE0E /* Assets.xcassets */,
				AF1B0AC7227AE6610022DE0E /* Info.plist */,
				AF9C71882282BE85002D0DF3 /* Util.swift */,
				AF477B0722BB6F5B00CF7A79 /* RemoteConfigDefaults.plist */,
				AFB423F423FFA4B800544475 /* 개인정보처리방침.html */,
				AFB423F623FFA70F00544475 /* style.css */,
			);
			path = Project1;
			sourceTree = "<group>";
		};
		AF1B0ACD227C09AB0022DE0E /* Storyboard */ = {
			isa = PBXGroup;
			children = (
				AF1B0ABF227AE65F0022DE0E /* Main.storyboard */,
				AF9C718622827122002D0DF3 /* SlideMenu.storyboard */,
				AF372C7922AE18D100749C17 /* Join.storyboard */,
			);
			path = Storyboard;
			sourceTree = "<group>";
		};
		AF1B0AD0227D33510022DE0E /* View */ = {
			isa = PBXGroup;
			children = (
				AF72E5C1232F83AE00667B03 /* Album */,
				AF7505E622DDCDC900146091 /* UserDTO.swift */,
				AF971F97237A9B9400C54901 /* AuthDTO.swift */,
				AFA5C53D232650850003CA0F /* AlbumDTO.swift */,
				AF1B0AD5227D3CBC0022DE0E /* CellCollectionViewController.swift */,
				AF1B0AD3227D33A80022DE0E /* CellCollectionViewCell.swift */,
				AF1B0AD7227D4E810022DE0E /* CellCheckTableViewController.swift */,
				AF372C7B22AE5F7B00749C17 /* CellCheckCell.swift */,
				AF7505E422DD8B9700146091 /* CustomAlertView.swift */,
				AF05A918236BF2D80099FCA6 /* CustomAlertView2.swift */,
				AF9C717E2281166D002D0DF3 /* IntroViewController.swift */,
				AF9C2C81233DEC1E0061C3AC /* slideCell.swift */,
				AF9C718222817A91002D0DF3 /* SWRevealViewController.h */,
				AF9C718122817A91002D0DF3 /* SWRevealViewController.m */,
				AF9C718022817A90002D0DF3 /* Project1-Bridging-Header.h */,
				AF9C718A2282CFC9002D0DF3 /* MenuViewController.swift */,
				AFEFC1AD22A627B6005766B1 /* MenuTableViewCell.swift */,
				AFEFC1AB22A54F48005766B1 /* JoinViewController.swift */,
				AF372C7122AA4CC400749C17 /* IntroduceViewController.swift */,
				AFE3FC0A23585BDA00F4A144 /* IntroduceCell.swift */,
				AF372C7322AA4CE000749C17 /* ScheduleViewController.swift */,
				AF372C7522AA4CF600749C17 /* PhotoViewController.swift */,
				AFA759B6230FD7CC00F73E53 /* PhotoCell.swift */,
				AF372C7722AA4D0800749C17 /* QuestionsViewController.swift */,
				AF189FFE22C0DA4F00AF287C /* CellContentCell.swift */,
			);
			path = View;
			sourceTree = "<group>";
		};
		AF62AB5D22A65784009BF162 /* UI */ = {
			isa = PBXGroup;
			children = (
				AF62AB5E22A657AD009BF162 /* NavigationView.swift */,
				AF62AB6022A657CB009BF162 /* PhotoStackView.swift */,
				AFA759B4230F84A300F73E53 /* TitleStackView.swift */,
			);
			path = UI;
			sourceTree = "<group>";
		};
		AF63471E23C3081A00959F98 /* GanaanYouthUITests */ = {
			isa = PBXGroup;
			children = (
				AF63471F23C3081A00959F98 /* GanaanYouthUITests.swift */,
				AF63472123C3081A00959F98 /* Info.plist */,
			);
			path = GanaanYouthUITests;
			sourceTree = "<group>";
		};
		AF72E5C1232F83AE00667B03 /* Album */ = {
			isa = PBXGroup;
			children = (
				AF72E5C2232F83E400667B03 /* AlbumEntity.swift */,
				AF72E5C4232F85A700667B03 /* AlbumService.swift */,
				AF72E5C6232F873400667B03 /* FireStore+Extensions.swift */,
				AF72E5C8232F8BD000667B03 /* ImageService.swift */,
				AF72E5CA232F8E1F00667B03 /* ImageEntity.swift */,
				AF72E5CC232F91CB00667B03 /* Storage+Extensions.swift */,
				AF72E5CE232F976100667B03 /* TableView+Extentions.swift */,
				AF72E5D0232F9BF000667B03 /* UIView+Extensions.swift */,
			);
			path = Album;
			sourceTree = "<group>";
		};
		AF72E5D2232FA08700667B03 /* Task */ = {
			isa = PBXGroup;
			children = (
				AF72E5D3232FA0A100667B03 /* ImageTask.swift */,
				AF6AA44B2366CD6C00763694 /* CurrentUser.swift */,
			);
			path = Task;
			sourceTree = "<group>";
		};
		AF7505DF22DC690500146091 /* Util */ = {
			isa = PBXGroup;
			children = (
				AF7505E022DC692F00146091 /* customLabel.swift */,
				AF7505E222DC75E400146091 /* customButton.swift */,
			);
			path = Util;
			sourceTree = "<group>";
		};
		AFA759B82313C56A00F73E53 /* DashBoard */ = {
			isa = PBXGroup;
			children = (
				AFA759B92313C59900F73E53 /* DashBoardViewController.swift */,
				AFA759BE2313CA9F00F73E53 /* ContentViewController.swift */,
				AFA5C53923153A7A0003CA0F /* AlbumCollectionViewController.swift */,
				AF50A5462338B27600FACE3D /* AlbumCollectionViewController+Delegate.swift */,
				AF50A5482338B33100FACE3D /* AlbumCollectionViewController+FlowLayoutDelegate.swift */,
				AFA5C53B23153B650003CA0F /* AlbumCell.swift */,
			);
			path = DashBoard;
			sourceTree = "<group>";
		};
		AFA759BB2313C6A000F73E53 /* Page */ = {
			isa = PBXGroup;
			children = (
				AFE3FC2E23613A2600F4A144 /* PageBulletinVC.swift */,
			);
			path = Page;
			sourceTree = "<group>";
		};
		BCD5E697934DEFAEFF3AC7FB /* Frameworks */ = {
			isa = PBXGroup;
			children = (
				AF24875E2384F85D002708B1 /* Intents.framework */,
				AF9C2C842341D4480061C3AC /* ExternalAccessory.framework */,
				FCD7A8538E5CCBC7C1AF04C3 /* Pods_Project1.framework */,
				AF2487482384F7EF002708B1 /* IntentsUI.framework */,
			);
			name = Frameworks;
			sourceTree = "<group>";
		};
/* End PBXGroup section */

/* Begin PBXNativeTarget section */
		AF1B0AB7227AE65F0022DE0E /* Project1 */ = {
			isa = PBXNativeTarget;
			buildConfigurationList = AF1B0ACA227AE6610022DE0E /* Build configuration list for PBXNativeTarget "Project1" */;
			buildPhases = (
				BBFB29DE5FDF9E6E2D504175 /* [CP] Check Pods Manifest.lock */,
				AF1B0AB4227AE65F0022DE0E /* Sources */,
				AF1B0AB5227AE65F0022DE0E /* Frameworks */,
				AF1B0AB6227AE65F0022DE0E /* Resources */,
				C9233590B3A4F82E16511169 /* [CP] Embed Pods Frameworks */,
				AF2487572384F7EF002708B1 /* Embed App Extensions */,
			);
			buildRules = (
			);
			dependencies = (
			);
			name = Project1;
			productName = Project1;
			productReference = AF1B0AB8227AE65F0022DE0E /* GanaanYouth.app */;
			productType = "com.apple.product-type.application";
		};
		AF63471C23C3081A00959F98 /* GanaanYouthUITests */ = {
			isa = PBXNativeTarget;
			buildConfigurationList = AF63472623C3081A00959F98 /* Build configuration list for PBXNativeTarget "GanaanYouthUITests" */;
			buildPhases = (
				AF63471923C3081A00959F98 /* Sources */,
				AF63471A23C3081A00959F98 /* Frameworks */,
				AF63471B23C3081A00959F98 /* Resources */,
			);
			buildRules = (
			);
			dependencies = (
				AF63472323C3081A00959F98 /* PBXTargetDependency */,
			);
			name = GanaanYouthUITests;
			productName = GanaanYouthUITests;
			productReference = AF63471D23C3081A00959F98 /* GanaanYouthUITests.xctest */;
			productType = "com.apple.product-type.bundle.ui-testing";
		};
/* End PBXNativeTarget section */

/* Begin PBXProject section */
		AF1B0AB0227AE65F0022DE0E /* Project object */ = {
			isa = PBXProject;
			attributes = {
				LastSwiftUpdateCheck = 1130;
				LastUpgradeCheck = 1020;
				ORGANIZATIONNAME = Yujinrobot;
				TargetAttributes = {
					AF1B0AB7227AE65F0022DE0E = {
						CreatedOnToolsVersion = 10.2;
						LastSwiftMigration = 1020;
					};
					AF63471C23C3081A00959F98 = {
						CreatedOnToolsVersion = 11.3;
						TestTargetID = AF1B0AB7227AE65F0022DE0E;
					};
				};
			};
			buildConfigurationList = AF1B0AB3227AE65F0022DE0E /* Build configuration list for PBXProject "Project1" */;
			compatibilityVersion = "Xcode 9.3";
			developmentRegion = en;
			hasScannedForEncodings = 0;
			knownRegions = (
				en,
				Base,
			);
			mainGroup = AF1B0AAF227AE65F0022DE0E;
			productRefGroup = AF1B0AB9227AE65F0022DE0E /* Products */;
			projectDirPath = "";
			projectRoot = "";
			targets = (
				AF1B0AB7227AE65F0022DE0E /* Project1 */,
				AF63471C23C3081A00959F98 /* GanaanYouthUITests */,
			);
		};
/* End PBXProject section */

/* Begin PBXResourcesBuildPhase section */
		AF1B0AB6227AE65F0022DE0E /* Resources */ = {
			isa = PBXResourcesBuildPhase;
			buildActionMask = 2147483647;
			files = (
				AF477B0822BB6F5B00CF7A79 /* RemoteConfigDefaults.plist in Resources */,
				AFB423F723FFA70F00544475 /* style.css in Resources */,
				AFB423F523FFA4B800544475 /* 개인정보처리방침.html in Resources */,
				AF1B0AC6227AE6610022DE0E /* LaunchScreen.storyboard in Resources */,
				AF9C718722827123002D0DF3 /* SlideMenu.storyboard in Resources */,
				AF1B0AC3227AE6610022DE0E /* Assets.xcassets in Resources */,
				AF1B0AC1227AE65F0022DE0E /* Main.storyboard in Resources */,
				AF372C7A22AE18D100749C17 /* Join.storyboard in Resources */,
				AFF6C47922D459BC001E2775 /* GoogleService-Info.plist in Resources */,
			);
			runOnlyForDeploymentPostprocessing = 0;
		};
		AF63471B23C3081A00959F98 /* Resources */ = {
			isa = PBXResourcesBuildPhase;
			buildActionMask = 2147483647;
			files = (
			);
			runOnlyForDeploymentPostprocessing = 0;
		};
/* End PBXResourcesBuildPhase section */

/* Begin PBXShellScriptBuildPhase section */
		BBFB29DE5FDF9E6E2D504175 /* [CP] Check Pods Manifest.lock */ = {
			isa = PBXShellScriptBuildPhase;
			buildActionMask = 2147483647;
			files = (
			);
			inputFileListPaths = (
			);
			inputPaths = (
				"${PODS_PODFILE_DIR_PATH}/Podfile.lock",
				"${PODS_ROOT}/Manifest.lock",
			);
			name = "[CP] Check Pods Manifest.lock";
			outputFileListPaths = (
			);
			outputPaths = (
				"$(DERIVED_FILE_DIR)/Pods-Project1-checkManifestLockResult.txt",
			);
			runOnlyForDeploymentPostprocessing = 0;
			shellPath = /bin/sh;
			shellScript = "diff \"${PODS_PODFILE_DIR_PATH}/Podfile.lock\" \"${PODS_ROOT}/Manifest.lock\" > /dev/null\nif [ $? != 0 ] ; then\n    # print error to STDERR\n    echo \"error: The sandbox is not in sync with the Podfile.lock. Run 'pod install' or update your CocoaPods installation.\" >&2\n    exit 1\nfi\n# This output is used by Xcode 'outputs' to avoid re-running this script phase.\necho \"SUCCESS\" > \"${SCRIPT_OUTPUT_FILE_0}\"\n";
			showEnvVarsInLog = 0;
		};
		C9233590B3A4F82E16511169 /* [CP] Embed Pods Frameworks */ = {
			isa = PBXShellScriptBuildPhase;
			buildActionMask = 2147483647;
			files = (
			);
			inputFileListPaths = (
				"${PODS_ROOT}/Target Support Files/Pods-Project1/Pods-Project1-frameworks-${CONFIGURATION}-input-files.xcfilelist",
			);
			name = "[CP] Embed Pods Frameworks";
			outputFileListPaths = (
				"${PODS_ROOT}/Target Support Files/Pods-Project1/Pods-Project1-frameworks-${CONFIGURATION}-output-files.xcfilelist",
			);
			runOnlyForDeploymentPostprocessing = 0;
			shellPath = /bin/sh;
			shellScript = "\"${PODS_ROOT}/Target Support Files/Pods-Project1/Pods-Project1-frameworks.sh\"\n";
			showEnvVarsInLog = 0;
		};
/* End PBXShellScriptBuildPhase section */

/* Begin PBXSourcesBuildPhase section */
		AF1B0AB4227AE65F0022DE0E /* Sources */ = {
			isa = PBXSourcesBuildPhase;
			buildActionMask = 2147483647;
			files = (
				AF372C7222AA4CC400749C17 /* IntroduceViewController.swift in Sources */,
				AFA759B7230FD7CC00F73E53 /* PhotoCell.swift in Sources */,
				AFA5C53A23153A7A0003CA0F /* AlbumCollectionViewController.swift in Sources */,
				AF72E5C7232F873400667B03 /* FireStore+Extensions.swift in Sources */,
				AF1B0ABE227AE65F0022DE0E /* ViewController.swift in Sources */,
				AF62AB6122A657CB009BF162 /* PhotoStackView.swift in Sources */,
				AF9C718B2282CFC9002D0DF3 /* MenuViewController.swift in Sources */,
				AF7505E122DC692F00146091 /* customLabel.swift in Sources */,
				AFEFC1AE22A627B6005766B1 /* MenuTableViewCell.swift in Sources */,
				AFEFC1AC22A54F48005766B1 /* JoinViewController.swift in Sources */,
				AF9C71892282BE85002D0DF3 /* Util.swift in Sources */,
				AF72E5C3232F83E400667B03 /* AlbumEntity.swift in Sources */,
				AF72E5D1232F9BF000667B03 /* UIView+Extensions.swift in Sources */,
				AFE3FC2F23613A2600F4A144 /* PageBulletinVC.swift in Sources */,
				AF7505E522DD8B9700146091 /* CustomAlertView.swift in Sources */,
				AF72E5C9232F8BD000667B03 /* ImageService.swift in Sources */,
				AF6AA44C2366CD6C00763694 /* CurrentUser.swift in Sources */,
				AF1B0ABC227AE65F0022DE0E /* AppDelegate.swift in Sources */,
				AFA759B5230F84A300F73E53 /* TitleStackView.swift in Sources */,
				AF372C7C22AE5F7B00749C17 /* CellCheckCell.swift in Sources */,
				AF72E5C5232F85A700667B03 /* AlbumService.swift in Sources */,
				AF1B0AD4227D33A80022DE0E /* CellCollectionViewCell.swift in Sources */,
				AF1B0AD8227D4E810022DE0E /* CellCheckTableViewController.swift in Sources */,
				AF9C2C82233DEC1E0061C3AC /* slideCell.swift in Sources */,
				AFA5C53C23153B650003CA0F /* AlbumCell.swift in Sources */,
				AF72E5D4232FA0A100667B03 /* ImageTask.swift in Sources */,
				AF372C7622AA4CF600749C17 /* PhotoViewController.swift in Sources */,
				AF9C718322817A91002D0DF3 /* SWRevealViewController.m in Sources */,
				AF72E5CB232F8E1F00667B03 /* ImageEntity.swift in Sources */,
				AFA759BA2313C59900F73E53 /* DashBoardViewController.swift in Sources */,
				AFE3FC0B23585BDA00F4A144 /* IntroduceCell.swift in Sources */,
				AF50A5492338B33100FACE3D /* AlbumCollectionViewController+FlowLayoutDelegate.swift in Sources */,
				AF72E5CF232F976100667B03 /* TableView+Extentions.swift in Sources */,
				AF971F98237A9B9400C54901 /* AuthDTO.swift in Sources */,
				AF372C7422AA4CE000749C17 /* ScheduleViewController.swift in Sources */,
				AF05A919236BF2D80099FCA6 /* CustomAlertView2.swift in Sources */,
				AFA759BF2313CA9F00F73E53 /* ContentViewController.swift in Sources */,
				AF50A5472338B27600FACE3D /* AlbumCollectionViewController+Delegate.swift in Sources */,
				AF372C7822AA4D0800749C17 /* QuestionsViewController.swift in Sources */,
				AF189FFF22C0DA4F00AF287C /* CellContentCell.swift in Sources */,
				AF7505E722DDCDC900146091 /* UserDTO.swift in Sources */,
				AFA5C53E232650860003CA0F /* AlbumDTO.swift in Sources */,
				AF1B0AD6227D3CBC0022DE0E /* CellCollectionViewController.swift in Sources */,
				AF62AB5F22A657AD009BF162 /* NavigationView.swift in Sources */,
				AF9C717F2281166D002D0DF3 /* IntroViewController.swift in Sources */,
				AF7505E322DC75E400146091 /* customButton.swift in Sources */,
				AF72E5CD232F91CB00667B03 /* Storage+Extensions.swift in Sources */,
			);
			runOnlyForDeploymentPostprocessing = 0;
		};
		AF63471923C3081A00959F98 /* Sources */ = {
			isa = PBXSourcesBuildPhase;
			buildActionMask = 2147483647;
			files = (
				AF63472023C3081A00959F98 /* GanaanYouthUITests.swift in Sources */,
			);
			runOnlyForDeploymentPostprocessing = 0;
		};
/* End PBXSourcesBuildPhase section */

/* Begin PBXTargetDependency section */
		AF63472323C3081A00959F98 /* PBXTargetDependency */ = {
			isa = PBXTargetDependency;
			target = AF1B0AB7227AE65F0022DE0E /* Project1 */;
			targetProxy = AF63472223C3081A00959F98 /* PBXContainerItemProxy */;
		};
/* End PBXTargetDependency section */

/* Begin PBXVariantGroup section */
		AF1B0ABF227AE65F0022DE0E /* Main.storyboard */ = {
			isa = PBXVariantGroup;
			children = (
				AF1B0AC0227AE65F0022DE0E /* Base */,
			);
			name = Main.storyboard;
			sourceTree = "<group>";
		};
		AF1B0AC4227AE6610022DE0E /* LaunchScreen.storyboard */ = {
			isa = PBXVariantGroup;
			children = (
				AF1B0AC5227AE6610022DE0E /* Base */,
			);
			name = LaunchScreen.storyboard;
			sourceTree = "<group>";
		};
/* End PBXVariantGroup section */

/* Begin XCBuildConfiguration section */
		AF1B0AC8227AE6610022DE0E /* Debug */ = {
			isa = XCBuildConfiguration;
			buildSettings = {
				ALWAYS_SEARCH_USER_PATHS = NO;
				CLANG_ANALYZER_NONNULL = YES;
				CLANG_ANALYZER_NUMBER_OBJECT_CONVERSION = YES_AGGRESSIVE;
				CLANG_CXX_LANGUAGE_STANDARD = "gnu++14";
				CLANG_CXX_LIBRARY = "libc++";
				CLANG_ENABLE_MODULES = YES;
				CLANG_ENABLE_OBJC_ARC = YES;
				CLANG_ENABLE_OBJC_WEAK = YES;
				CLANG_WARN_BLOCK_CAPTURE_AUTORELEASING = YES;
				CLANG_WARN_BOOL_CONVERSION = YES;
				CLANG_WARN_COMMA = YES;
				CLANG_WARN_CONSTANT_CONVERSION = YES;
				CLANG_WARN_DEPRECATED_OBJC_IMPLEMENTATIONS = YES;
				CLANG_WARN_DIRECT_OBJC_ISA_USAGE = YES_ERROR;
				CLANG_WARN_DOCUMENTATION_COMMENTS = YES;
				CLANG_WARN_EMPTY_BODY = YES;
				CLANG_WARN_ENUM_CONVERSION = YES;
				CLANG_WARN_INFINITE_RECURSION = YES;
				CLANG_WARN_INT_CONVERSION = YES;
				CLANG_WARN_NON_LITERAL_NULL_CONVERSION = YES;
				CLANG_WARN_OBJC_IMPLICIT_RETAIN_SELF = YES;
				CLANG_WARN_OBJC_LITERAL_CONVERSION = YES;
				CLANG_WARN_OBJC_ROOT_CLASS = YES_ERROR;
				CLANG_WARN_RANGE_LOOP_ANALYSIS = YES;
				CLANG_WARN_STRICT_PROTOTYPES = YES;
				CLANG_WARN_SUSPICIOUS_MOVE = YES;
				CLANG_WARN_UNGUARDED_AVAILABILITY = YES_AGGRESSIVE;
				CLANG_WARN_UNREACHABLE_CODE = YES;
				CLANG_WARN__DUPLICATE_METHOD_MATCH = YES;
				CODE_SIGN_IDENTITY = "iPhone Developer";
				COPY_PHASE_STRIP = NO;
				DEBUG_INFORMATION_FORMAT = dwarf;
				ENABLE_STRICT_OBJC_MSGSEND = YES;
				ENABLE_TESTABILITY = YES;
				GCC_C_LANGUAGE_STANDARD = gnu11;
				GCC_DYNAMIC_NO_PIC = NO;
				GCC_NO_COMMON_BLOCKS = YES;
				GCC_OPTIMIZATION_LEVEL = 0;
				GCC_PREPROCESSOR_DEFINITIONS = (
					"DEBUG=1",
					"$(inherited)",
				);
				GCC_WARN_64_TO_32_BIT_CONVERSION = YES;
				GCC_WARN_ABOUT_RETURN_TYPE = YES_ERROR;
				GCC_WARN_UNDECLARED_SELECTOR = YES;
				GCC_WARN_UNINITIALIZED_AUTOS = YES_AGGRESSIVE;
				GCC_WARN_UNUSED_FUNCTION = YES;
				GCC_WARN_UNUSED_VARIABLE = YES;
				IPHONEOS_DEPLOYMENT_TARGET = 12.2;
				MTL_ENABLE_DEBUG_INFO = INCLUDE_SOURCE;
				MTL_FAST_MATH = YES;
				ONLY_ACTIVE_ARCH = YES;
				SDKROOT = iphoneos;
				SWIFT_ACTIVE_COMPILATION_CONDITIONS = DEBUG;
				SWIFT_OPTIMIZATION_LEVEL = "-Onone";
			};
			name = Debug;
		};
		AF1B0AC9227AE6610022DE0E /* Release */ = {
			isa = XCBuildConfiguration;
			buildSettings = {
				ALWAYS_SEARCH_USER_PATHS = NO;
				CLANG_ANALYZER_NONNULL = YES;
				CLANG_ANALYZER_NUMBER_OBJECT_CONVERSION = YES_AGGRESSIVE;
				CLANG_CXX_LANGUAGE_STANDARD = "gnu++14";
				CLANG_CXX_LIBRARY = "libc++";
				CLANG_ENABLE_MODULES = YES;
				CLANG_ENABLE_OBJC_ARC = YES;
				CLANG_ENABLE_OBJC_WEAK = YES;
				CLANG_WARN_BLOCK_CAPTURE_AUTORELEASING = YES;
				CLANG_WARN_BOOL_CONVERSION = YES;
				CLANG_WARN_COMMA = YES;
				CLANG_WARN_CONSTANT_CONVERSION = YES;
				CLANG_WARN_DEPRECATED_OBJC_IMPLEMENTATIONS = YES;
				CLANG_WARN_DIRECT_OBJC_ISA_USAGE = YES_ERROR;
				CLANG_WARN_DOCUMENTATION_COMMENTS = YES;
				CLANG_WARN_EMPTY_BODY = YES;
				CLANG_WARN_ENUM_CONVERSION = YES;
				CLANG_WARN_INFINITE_RECURSION = YES;
				CLANG_WARN_INT_CONVERSION = YES;
				CLANG_WARN_NON_LITERAL_NULL_CONVERSION = YES;
				CLANG_WARN_OBJC_IMPLICIT_RETAIN_SELF = YES;
				CLANG_WARN_OBJC_LITERAL_CONVERSION = YES;
				CLANG_WARN_OBJC_ROOT_CLASS = YES_ERROR;
				CLANG_WARN_RANGE_LOOP_ANALYSIS = YES;
				CLANG_WARN_STRICT_PROTOTYPES = YES;
				CLANG_WARN_SUSPICIOUS_MOVE = YES;
				CLANG_WARN_UNGUARDED_AVAILABILITY = YES_AGGRESSIVE;
				CLANG_WARN_UNREACHABLE_CODE = YES;
				CLANG_WARN__DUPLICATE_METHOD_MATCH = YES;
				CODE_SIGN_IDENTITY = "iPhone Developer";
				COPY_PHASE_STRIP = NO;
				DEBUG_INFORMATION_FORMAT = "dwarf-with-dsym";
				ENABLE_NS_ASSERTIONS = NO;
				ENABLE_STRICT_OBJC_MSGSEND = YES;
				GCC_C_LANGUAGE_STANDARD = gnu11;
				GCC_NO_COMMON_BLOCKS = YES;
				GCC_WARN_64_TO_32_BIT_CONVERSION = YES;
				GCC_WARN_ABOUT_RETURN_TYPE = YES_ERROR;
				GCC_WARN_UNDECLARED_SELECTOR = YES;
				GCC_WARN_UNINITIALIZED_AUTOS = YES_AGGRESSIVE;
				GCC_WARN_UNUSED_FUNCTION = YES;
				GCC_WARN_UNUSED_VARIABLE = YES;
				IPHONEOS_DEPLOYMENT_TARGET = 12.2;
				MTL_ENABLE_DEBUG_INFO = NO;
				MTL_FAST_MATH = YES;
				SDKROOT = iphoneos;
				SWIFT_COMPILATION_MODE = wholemodule;
				SWIFT_OPTIMIZATION_LEVEL = "-O";
				VALIDATE_PRODUCT = YES;
			};
			name = Release;
		};
		AF1B0ACB227AE6610022DE0E /* Debug */ = {
			isa = XCBuildConfiguration;
			baseConfigurationReference = DFE1247FF91ECAD58C4863A7 /* Pods-Project1.debug.xcconfig */;
			buildSettings = {
				ALWAYS_EMBED_SWIFT_STANDARD_LIBRARIES = YES;
				ASSETCATALOG_COMPILER_APPICON_NAME = AppIcon;
				CLANG_ENABLE_MODULES = YES;
				CODE_SIGN_STYLE = Automatic;
				CURRENT_PROJECT_VERSION = 10;
				DEVELOPMENT_TEAM = DFU5BM2782;
				INFOPLIST_FILE = Project1/Info.plist;
				IPHONEOS_DEPLOYMENT_TARGET = 9.0;
				LD_RUNPATH_SEARCH_PATHS = (
					"$(inherited)",
					"@executable_path/Frameworks",
				);
				MARKETING_VERSION = 1.2;
				PRODUCT_BUNDLE_IDENTIFIER = dev.seongae.ganaan.youth;
				PRODUCT_NAME = GanaanYouth;
				SWIFT_OBJC_BRIDGING_HEADER = "Project1/View/Project1-Bridging-Header.h";
				SWIFT_OPTIMIZATION_LEVEL = "-Onone";
				SWIFT_VERSION = 5.0;
				TARGETED_DEVICE_FAMILY = 1;
			};
			name = Debug;
		};
		AF1B0ACC227AE6610022DE0E /* Release */ = {
			isa = XCBuildConfiguration;
			baseConfigurationReference = EC7C6DE0F65943ACF04A892F /* Pods-Project1.release.xcconfig */;
			buildSettings = {
				ALWAYS_EMBED_SWIFT_STANDARD_LIBRARIES = YES;
				ASSETCATALOG_COMPILER_APPICON_NAME = AppIcon;
				CLANG_ENABLE_MODULES = YES;
				CODE_SIGN_ENTITLEMENTS = Project1/GanaanYouthRelease.entitlements;
				CODE_SIGN_STYLE = Automatic;
				CURRENT_PROJECT_VERSION = 10;
				DEVELOPMENT_TEAM = DFU5BM2782;
				INFOPLIST_FILE = Project1/Info.plist;
				IPHONEOS_DEPLOYMENT_TARGET = 9.0;
				LD_RUNPATH_SEARCH_PATHS = (
					"$(inherited)",
					"@executable_path/Frameworks",
				);
				MARKETING_VERSION = 1.2;
				PRODUCT_BUNDLE_IDENTIFIER = dev.seongae.ganaan.youth;
				PRODUCT_NAME = GanaanYouth;
				SWIFT_OBJC_BRIDGING_HEADER = "Project1/View/Project1-Bridging-Header.h";
				SWIFT_VERSION = 5.0;
				TARGETED_DEVICE_FAMILY = 1;
			};
			name = Release;
		};
		AF63472423C3081A00959F98 /* Debug */ = {
			isa = XCBuildConfiguration;
			buildSettings = {
				CODE_SIGN_STYLE = Automatic;
				DEVELOPMENT_TEAM = DFU5BM2782;
				INFOPLIST_FILE = GanaanYouthUITests/Info.plist;
				IPHONEOS_DEPLOYMENT_TARGET = 13.2;
				LD_RUNPATH_SEARCH_PATHS = (
					"$(inherited)",
					"@executable_path/Frameworks",
					"@loader_path/Frameworks",
				);
				PRODUCT_BUNDLE_IDENTIFIER = com.seongae.ganaan.dev.GanaanYouthUITests;
				PRODUCT_NAME = "$(TARGET_NAME)";
				SWIFT_VERSION = 5.0;
				TARGETED_DEVICE_FAMILY = "1,2";
				TEST_TARGET_NAME = Project1;
			};
			name = Debug;
		};
		AF63472523C3081A00959F98 /* Release */ = {
			isa = XCBuildConfiguration;
			buildSettings = {
				CODE_SIGN_STYLE = Automatic;
				DEVELOPMENT_TEAM = DFU5BM2782;
				INFOPLIST_FILE = GanaanYouthUITests/Info.plist;
				IPHONEOS_DEPLOYMENT_TARGET = 13.2;
				LD_RUNPATH_SEARCH_PATHS = (
					"$(inherited)",
					"@executable_path/Frameworks",
					"@loader_path/Frameworks",
				);
				PRODUCT_BUNDLE_IDENTIFIER = com.seongae.ganaan.dev.GanaanYouthUITests;
				PRODUCT_NAME = "$(TARGET_NAME)";
				SWIFT_VERSION = 5.0;
				TARGETED_DEVICE_FAMILY = "1,2";
				TEST_TARGET_NAME = Project1;
			};
			name = Release;
		};
/* End XCBuildConfiguration section */

/* Begin XCConfigurationList section */
		AF1B0AB3227AE65F0022DE0E /* Build configuration list for PBXProject "Project1" */ = {
			isa = XCConfigurationList;
			buildConfigurations = (
				AF1B0AC8227AE6610022DE0E /* Debug */,
				AF1B0AC9227AE6610022DE0E /* Release */,
			);
			defaultConfigurationIsVisible = 0;
			defaultConfigurationName = Debug;
		};
		AF1B0ACA227AE6610022DE0E /* Build configuration list for PBXNativeTarget "Project1" */ = {
			isa = XCConfigurationList;
			buildConfigurations = (
				AF1B0ACB227AE6610022DE0E /* Debug */,
				AF1B0ACC227AE6610022DE0E /* Release */,
			);
			defaultConfigurationIsVisible = 0;
			defaultConfigurationName = Debug;
		};
		AF63472623C3081A00959F98 /* Build configuration list for PBXNativeTarget "GanaanYouthUITests" */ = {
			isa = XCConfigurationList;
			buildConfigurations = (
				AF63472423C3081A00959F98 /* Debug */,
				AF63472523C3081A00959F98 /* Release */,
			);
			defaultConfigurationIsVisible = 0;
			defaultConfigurationName = Debug;
		};
/* End XCConfigurationList section */
	};
	rootObject = AF1B0AB0227AE65F0022DE0E /* Project object */;
}
